# This file is automatically @generated by Cargo.
# It is not intended for manual editing.
version = 3

[[package]]
name = "aho-corasick"
version = "0.7.20"
source = "registry+https://github.com/rust-lang/crates.io-index"
checksum = "cc936419f96fa211c1b9166887b38e5e40b19958e5b895be7c1f93adec7071ac"
dependencies = [
 "memchr",
]

[[package]]
name = "alloc-from-pool"
version = "1.0.4"
source = "registry+https://github.com/rust-lang/crates.io-index"
checksum = "8e72b4bf1c2b13430eeaf9f1c60d08e1e8fbaff5fd52ce53711e773131a997ff"

[[package]]
name = "doomdooz"
version = "0.1.0"
dependencies = [
 "glob",
 "lazy_static",
 "lib-ruby-parser",
 "merge-yaml-hash",
 "regex",
 "yaml-rust",
]

[[package]]
name = "glob"
version = "0.3.0"
source = "registry+https://github.com/rust-lang/crates.io-index"
checksum = "9b919933a397b79c37e33b77bb2aa3dc8eb6e165ad809e58ff75bc7db2e34574"

[[package]]
name = "lazy_static"
version = "1.4.0"
source = "registry+https://github.com/rust-lang/crates.io-index"
checksum = "e2abad23fbc42b3700f2f279844dc832adb2b2eb069b2df918f455c4e18cc646"

[[package]]
name = "lib-ruby-parser"
version = "3.0.12"
source = "registry+https://github.com/rust-lang/crates.io-index"
checksum = "a11cf7af66347573c4fa83b384ab6d7a4ac3361c89d36e9fca2b41a50d58b959"
dependencies = [
 "alloc-from-pool",
]

[[package]]
name = "linked-hash-map"
version = "0.5.6"
source = "registry+https://github.com/rust-lang/crates.io-index"
checksum = "0717cef1bc8b636c6e1c1bbdefc09e6322da8a9321966e8928ef80d20f7f770f"

[[package]]
name = "memchr"
version = "2.5.0"
source = "registry+https://github.com/rust-lang/crates.io-index"
checksum = "2dffe52ecf27772e601905b7522cb4ef790d2cc203488bbd0e2fe85fcb74566d"

[[package]]
name = "merge-yaml-hash"
version = "0.2.0"
source = "registry+https://github.com/rust-lang/crates.io-index"
checksum = "131ffba49fbd93920ad876e2851bd6c854f4d956c22c464e50214ed8ccc8554e"
dependencies = [
 "linked-hash-map",
 "yaml-rust",
]

[[package]]
name = "regex"
version = "1.7.0"
source = "registry+https://github.com/rust-lang/crates.io-index"
checksum = "e076559ef8e241f2ae3479e36f97bd5741c0330689e217ad51ce2c76808b868a"
dependencies = [
 "aho-corasick",
 "memchr",
 "regex-syntax",
]

[[package]]
name = "regex-syntax"
version = "0.6.28"
source = "registry+https://github.com/rust-lang/crates.io-index"
checksum = "456c603be3e8d448b072f410900c09faf164fbce2d480456f50eea6e25f9c848"

[[package]]
name = "yaml-rust"
version = "0.4.5"
source = "registry+https://github.com/rust-lang/crates.io-index"
checksum = "56c1936c4cc7a1c9ab21a1ebb602eb942ba868cbd44a99cb7cdc5892335e1c85"
dependencies = [
 "linked-hash-map",
]
